
Microsoft Visual Studio Solution File, Format Version 12.00
Project("{FAE04EC0-301F-11D3-BF4B-00C04F79EFBC}") = "Web", "Web\Web.csproj", "{BAE65D55-2D5A-4750-B57E-244E70C3FE5A}"
EndProject
Project("{FAE04EC0-301F-11D3-BF4B-00C04F79EFBC}") = "Domain", "Domain\Domain.csproj", "{60D898E0-1A77-457A-91A3-B460796A8278}"
EndProject
Project("{FAE04EC0-301F-11D3-BF4B-00C04F79EFBC}") = "Data", "Data\Data.csproj", "{CFB7D512-CE17-4A1D-8299-08F639A71ED7}"
EndProject
Global
	GlobalSection(SolutionConfigurationPlatforms) = preSolution
		Debug|Any CPU = Debug|Any CPU
		Release|Any CPU = Release|Any CPU
	EndGlobalSection
	GlobalSection(ProjectConfigurationPlatforms) = postSolution
		{BAE65D55-2D5A-4750-B57E-244E70C3FE5A}.Debug|Any CPU.ActiveCfg = Debug|Any CPU
		{BAE65D55-2D5A-4750-B57E-244E70C3FE5A}.Debug|Any CPU.Build.0 = Debug|Any CPU
		{BAE65D55-2D5A-4750-B57E-244E70C3FE5A}.Release|Any CPU.ActiveCfg = Release|Any CPU
		{BAE65D55-2D5A-4750-B57E-244E70C3FE5A}.Release|Any CPU.Build.0 = Release|Any CPU
		{60D898E0-1A77-457A-91A3-B460796A8278}.Debug|Any CPU.ActiveCfg = Debug|Any CPU
		{60D898E0-1A77-457A-91A3-B460796A8278}.Debug|Any CPU.Build.0 = Debug|Any CPU
		{60D898E0-1A77-457A-91A3-B460796A8278}.Release|Any CPU.ActiveCfg = Release|Any CPU
		{60D898E0-1A77-457A-91A3-B460796A8278}.Release|Any CPU.Build.0 = Release|Any CPU
		{CFB7D512-CE17-4A1D-8299-08F639A71ED7}.Debug|Any CPU.ActiveCfg = Debug|Any CPU
		{CFB7D512-CE17-4A1D-8299-08F639A71ED7}.Debug|Any CPU.Build.0 = Debug|Any CPU
		{CFB7D512-CE17-4A1D-8299-08F639A71ED7}.Release|Any CPU.ActiveCfg = Release|Any CPU
		{CFB7D512-CE17-4A1D-8299-08F639A71ED7}.Release|Any CPU.Build.0 = Release|Any CPU
	EndGlobalSection
EndGlobal
